
Microsoft Visual Studio Solution File, Format Version 12.00
# Visual Studio Version 17
VisualStudioVersion = 17.0.31903.59
MinimumVisualStudioVersion = 10.0.40219.1
Project("{9A19103F-16F7-4668-BE54-9A1E7A4F7556}") = "Benchmarks", "Benchmarks\Benchmarks.csproj", "{18FC803C-14D5-4B18-B86D-DC862BBCCA83}"
EndProject
Project("{9A19103F-16F7-4668-BE54-9A1E7A4F7556}") = "CommonUnions", "CommonUnions\CommonUnions.csproj", "{01CEC1F1-CB05-4426-9864-6F681780B327}"
EndProject
Project("{9A19103F-16F7-4668-BE54-9A1E7A4F7556}") = "Contract", "Contract\Contract.csproj", "{BD384154-4D8E-4745-8436-7B4E604B3815}"
EndProject
Project("{9A19103F-16F7-4668-BE54-9A1E7A4F7556}") = "Generator", "Generator\Generator.csproj", "{65118534-03AF-40A5-92C1-49674F104C23}"
EndProject
Project("{9A19103F-16F7-4668-BE54-9A1E7A4F7556}") = "Scifa.UnionTypes", "Scifa.UnionTypes\Scifa.UnionTypes.csproj", "{B5878905-1E78-49E7-923A-9C3F07C33DEA}"
EndProject
Project("{FAE04EC0-301F-11D3-BF4B-00C04F79EFBC}") = "Tests", "Tests\Tests.csproj", "{3A795060-1892-4AF7-83B6-D289F599B7DE}"
EndProject
Global
	GlobalSection(SolutionConfigurationPlatforms) = preSolution
		Debug|Any CPU = Debug|Any CPU
		Release|Any CPU = Release|Any CPU
	EndGlobalSection
	GlobalSection(ProjectConfigurationPlatforms) = postSolution
		{18FC803C-14D5-4B18-B86D-DC862BBCCA83}.Debug|Any CPU.ActiveCfg = Debug|Any CPU
		{18FC803C-14D5-4B18-B86D-DC862BBCCA83}.Debug|Any CPU.Build.0 = Debug|Any CPU
		{18FC803C-14D5-4B18-B86D-DC862BBCCA83}.Release|Any CPU.ActiveCfg = Release|Any CPU
		{18FC803C-14D5-4B18-B86D-DC862BBCCA83}.Release|Any CPU.Build.0 = Release|Any CPU
		{01CEC1F1-CB05-4426-9864-6F681780B327}.Debug|Any CPU.ActiveCfg = Debug|Any CPU
		{01CEC1F1-CB05-4426-9864-6F681780B327}.Debug|Any CPU.Build.0 = Debug|Any CPU
		{01CEC1F1-CB05-4426-9864-6F681780B327}.Release|Any CPU.ActiveCfg = Release|Any CPU
		{01CEC1F1-CB05-4426-9864-6F681780B327}.Release|Any CPU.Build.0 = Release|Any CPU
		{BD384154-4D8E-4745-8436-7B4E604B3815}.Debug|Any CPU.ActiveCfg = Debug|Any CPU
		{BD384154-4D8E-4745-8436-7B4E604B3815}.Debug|Any CPU.Build.0 = Debug|Any CPU
		{BD384154-4D8E-4745-8436-7B4E604B3815}.Release|Any CPU.ActiveCfg = Release|Any CPU
		{BD384154-4D8E-4745-8436-7B4E604B3815}.Release|Any CPU.Build.0 = Release|Any CPU
		{65118534-03AF-40A5-92C1-49674F104C23}.Debug|Any CPU.ActiveCfg = Debug|Any CPU
		{65118534-03AF-40A5-92C1-49674F104C23}.Debug|Any CPU.Build.0 = Debug|Any CPU
		{65118534-03AF-40A5-92C1-49674F104C23}.Release|Any CPU.ActiveCfg = Release|Any CPU
		{65118534-03AF-40A5-92C1-49674F104C23}.Release|Any CPU.Build.0 = Release|Any CPU
		{B5878905-1E78-49E7-923A-9C3F07C33DEA}.Debug|Any CPU.ActiveCfg = Debug|Any CPU
		{B5878905-1E78-49E7-923A-9C3F07C33DEA}.Debug|Any CPU.Build.0 = Debug|Any CPU
		{B5878905-1E78-49E7-923A-9C3F07C33DEA}.Release|Any CPU.ActiveCfg = Release|Any CPU
		{B5878905-1E78-49E7-923A-9C3F07C33DEA}.Release|Any CPU.Build.0 = Release|Any CPU
		{3A795060-1892-4AF7-83B6-D289F599B7DE}.Debug|Any CPU.ActiveCfg = Debug|Any CPU
		{3A795060-1892-4AF7-83B6-D289F599B7DE}.Debug|Any CPU.Build.0 = Debug|Any CPU
		{3A795060-1892-4AF7-83B6-D289F599B7DE}.Release|Any CPU.ActiveCfg = Release|Any CPU
		{3A795060-1892-4AF7-83B6-D289F599B7DE}.Release|Any CPU.Build.0 = Release|Any CPU
	EndGlobalSection
	GlobalSection(SolutionProperties) = preSolution
		HideSolutionNode = FALSE
	EndGlobalSection
	GlobalSection(ExtensibilityGlobals) = postSolution
		SolutionGuid = {7490D63C-3026-4EAD-92D5-D9820C48B26F}
	EndGlobalSection
EndGlobal
